// !$*UTF8*$!
{
	archiveVersion = 1;
	classes = {
	};
	objectVersion = 50;
	objects = {

/* Begin PBXBuildFile section */
		1A6B321E2380E4BA00956F3E /* AppDelegate.m in Sources */ = {isa = PBXBuildFile; fileRef = 1A6B321D2380E4BA00956F3E /* AppDelegate.m */; };
		1A6B32212380E4BA00956F3E /* SceneDelegate.m in Sources */ = {isa = PBXBuildFile; fileRef = 1A6B32202380E4BA00956F3E /* SceneDelegate.m */; };
		1A6B32242380E4BA00956F3E /* ViewController.m in Sources */ = {isa = PBXBuildFile; fileRef = 1A6B32232380E4BA00956F3E /* ViewController.m */; };
		1A6B32272380E4BA00956F3E /* Main.storyboard in Resources */ = {isa = PBXBuildFile; fileRef = 1A6B32252380E4BA00956F3E /* Main.storyboard */; };
		1A6B32292380E4BD00956F3E /* Assets.xcassets in Resources */ = {isa = PBXBuildFile; fileRef = 1A6B32282380E4BD00956F3E /* Assets.xcassets */; };
		1A6B322C2380E4BD00956F3E /* LaunchScreen.storyboard in Resources */ = {isa = PBXBuildFile; fileRef = 1A6B322A2380E4BD00956F3E /* LaunchScreen.storyboard */; };
		1A6B322F2380E4BD00956F3E /* main.m in Sources */ = {isa = PBXBuildFile; fileRef = 1A6B322E2380E4BD00956F3E /* main.m */; };
		1A6B32372380E5A100956F3E /* NSAttributedString+PHC.m in Sources */ = {isa = PBXBuildFile; fileRef = 1A6B32352380E5A000956F3E /* NSAttributedString+PHC.m */; };
/* End PBXBuildFile section */

/* Begin PBXFileReference section */
		1A6B32192380E4BA00956F3E /* AttributedStringDemo.app */ = {isa = PBXFileReference; explicitFileType = wrapper.application; includeInIndex = 0; path = AttributedStringDemo.app; sourceTree = BUILT_PRODUCTS_DIR; };
		1A6B321C2380E4BA00956F3E /* AppDelegate.h */ = {isa = PBXFileReference; lastKnownFileType = sourcecode.c.h; path = AppDelegate.h; sourceTree = "<group>"; };
		1A6B321D2380E4BA00956F3E /* AppDelegate.m */ = {isa = PBXFileReference; lastKnownFileType = sourcecode.c.objc; path = AppDelegate.m; sourceTree = "<group>"; };
		1A6B321F2380E4BA00956F3E /* SceneDelegate.h */ = {isa = PBXFileReference; lastKnownFileType = sourcecode.c.h; path = SceneDelegate.h; sourceTree = "<group>"; };
		1A6B32202380E4BA00956F3E /* SceneDelegate.m */ = {isa = PBXFileReference; lastKnownFileType = sourcecode.c.objc; path = SceneDelegate.m; sourceTree = "<group>"; };
		1A6B32222380E4BA00956F3E /* ViewController.h */ = {isa = PBXFileReference; lastKnownFileType = sourcecode.c.h; path = ViewController.h; sourceTree = "<group>"; };
		1A6B32232380E4BA00956F3E /* ViewController.m */ = {isa = PBXFileReference; lastKnownFileType = sourcecode.c.objc; path = ViewController.m; sourceTree = "<group>"; };
		1A6B32262380E4BA00956F3E /* Base */ = {isa = PBXFileReference; lastKnownFileType = file.storyboard; name = Base; path = Base.lproj/Main.storyboard; sourceTree = "<group>"; };
		1A6B32282380E4BD00956F3E /* Assets.xcassets */ = {isa = PBXFileReference; lastKnownFileType = folder.assetcatalog; path = Assets.xcassets; sourceTree = "<group>"; };
		1A6B322B2380E4BD00956F3E /* Base */ = {isa = PBXFileReference; lastKnownFileType = file.storyboard; name = Base; path = Base.lproj/LaunchScreen.storyboard; sourceTree = "<group>"; };
		1A6B322D2380E4BD00956F3E /* Info.plist */ = {isa = PBXFileReference; lastKnownFileType = text.plist.xml; path = Info.plist; sourceTree = "<group>"; };
		1A6B322E2380E4BD00956F3E /* main.m */ = {isa = PBXFileReference; lastKnownFileType = sourcecode.c.objc; path = main.m; sourceTree = "<group>"; };
		1A6B32352380E5A000956F3E /* NSAttributedString+PHC.m */ = {isa = PBXFileReference; fileEncoding = 4; lastKnownFileType = sourcecode.c.objc; name = "NSAttributedString+PHC.m"; path = "../../NSAttributedString+PHC.m"; sourceTree = "<group>"; };
		1A6B32362380E5A000956F3E /* NSAttributedString+PHC.h */ = {isa = PBXFileReference; fileEncoding = 4; lastKnownFileType = sourcecode.c.h; name = "NSAttributedString+PHC.h"; path = "../../NSAttributedString+PHC.h"; sourceTree = "<group>"; };
/* End PBXFileReference section */

/* Begin PBXFrameworksBuildPhase section */
		1A6B32162380E4BA00956F3E /* Frameworks */ = {
			isa = PBXFrameworksBuildPhase;
			buildActionMask = 2147483647;
			files = (
			);
			runOnlyForDeploymentPostprocessing = 0;
		};
/* End PBXFrameworksBuildPhase section */

/* Begin PBXGroup section */
		1A6B32102380E4BA00956F3E = {
			isa = PBXGroup;
			children = (
				1A6B321B2380E4BA00956F3E /* AttributedStringDemo */,
				1A6B321A2380E4BA00956F3E /* Products */,
			);
			sourceTree = "<group>";
		};
		1A6B321A2380E4BA00956F3E /* Products */ = {
			isa = PBXGroup;
			children = (
				1A6B32192380E4BA00956F3E /* AttributedStringDemo.app */,
			);
			name = Products;
			sourceTree = "<group>";
		};
		1A6B321B2380E4BA00956F3E /* AttributedStringDemo */ = {
			isa = PBXGroup;
			children = (
				1A6B32362380E5A000956F3E /* NSAttributedString+PHC.h */,
				1A6B32352380E5A000956F3E /* NSAttributedString+PHC.m */,
				1A6B321C2380E4BA00956F3E /* AppDelegate.h */,
				1A6B321D2380E4BA00956F3E /* AppDelegate.m */,
				1A6B321F2380E4BA00956F3E /* SceneDelegate.h */,
				1A6B32202380E4BA00956F3E /* SceneDelegate.m */,
				1A6B32222380E4BA00956F3E /* ViewController.h */,
				1A6B32232380E4BA00956F3E /* ViewController.m */,
				1A6B32252380E4BA00956F3E /* Main.storyboard */,
				1A6B32282380E4BD00956F3E /* Assets.xcassets */,
				1A6B322A2380E4BD00956F3E /* LaunchScreen.storyboard */,
				1A6B322D2380E4BD00956F3E /* Info.plist */,
				1A6B322E2380E4BD00956F3E /* main.m */,
			);
			path = AttributedStringDemo;
			sourceTree = "<group>";
		};
/* End PBXGroup section */

/* Begin PBXNativeTarget section */
		1A6B32182380E4BA00956F3E /* AttributedStringDemo */ = {
			isa = PBXNativeTarget;
			buildConfigurationList = 1A6B32322380E4BD00956F3E /* Build configuration list for PBXNativeTarget "AttributedStringDemo" */;
			buildPhases = (
				1A6B32152380E4BA00956F3E /* Sources */,
				1A6B32162380E4BA00956F3E /* Frameworks */,
				1A6B32172380E4BA00956F3E /* Resources */,
			);
			buildRules = (
			);
			dependencies = (
			);
			name = AttributedStringDemo;
			productName = AttributedStringDemo;
			productReference = 1A6B32192380E4BA00956F3E /* AttributedStringDemo.app */;
			productType = "com.apple.product-type.application";
		};
/* End PBXNativeTarget section */

/* Begin PBXProject section */
		1A6B32112380E4BA00956F3E /* Project object */ = {
			isa = PBXProject;
			attributes = {
				LastUpgradeCheck = 1120;
				ORGANIZATIONNAME = AttributedStringDemo;
				TargetAttributes = {
					1A6B32182380E4BA00956F3E = {
						CreatedOnToolsVersion = 11.2;
					};
				};
			};
			buildConfigurationList = 1A6B32142380E4BA00956F3E /* Build configuration list for PBXProject "AttributedStringDemo" */;
			compatibilityVersion = "Xcode 9.3";
			developmentRegion = en;
			hasScannedForEncodings = 0;
			knownRegions = (
				en,
				Base,
			);
			mainGroup = 1A6B32102380E4BA00956F3E;
			productRefGroup = 1A6B321A2380E4BA00956F3E /* Products */;
			projectDirPath = "";
			projectRoot = "";
			targets = (
				1A6B32182380E4BA00956F3E /* AttributedStringDemo */,
			);
		};
/* End PBXProject section */

/* Begin PBXResourcesBuildPhase section */
		1A6B32172380E4BA00956F3E /* Resources */ = {
			isa = PBXResourcesBuildPhase;
			buildActionMask = 2147483647;
			files = (
				1A6B322C2380E4BD00956F3E /* LaunchScreen.storyboard in Resources */,
				1A6B32292380E4BD00956F3E /* Assets.xcassets in Resources */,
				1A6B32272380E4BA00956F3E /* Main.storyboard in Resources */,
			);
			runOnlyForDeploymentPostprocessing = 0;
		};
/* End PBXResourcesBuildPhase section */

/* Begin PBXSourcesBuildPhase section */
		1A6B32152380E4BA00956F3E /* Sources */ = {
			isa = PBXSourcesBuildPhase;
			buildActionMask = 2147483647;
			files = (
				1A6B32242380E4BA00956F3E /* ViewController.m in Sources */,
				1A6B321E2380E4BA00956F3E /* AppDelegate.m in Sources */,
				1A6B322F2380E4BD00956F3E /* main.m in Sources */,
				1A6B32372380E5A100956F3E /* NSAttributedString+PHC.m in Sources */,
				1A6B32212380E4BA00956F3E /* SceneDelegate.m in Sources */,
			);
			runOnlyForDeploymentPostprocessing = 0;
		};
/* End PBXSourcesBuildPhase section */

/* Begin PBXVariantGroup section */
		1A6B32252380E4BA00956F3E /* Main.storyboard */ = {
			isa = PBXVariantGroup;
			children = (
				1A6B32262380E4BA00956F3E /* Base */,
			);
			name = Main.storyboard;
			sourceTree = "<group>";
		};
		1A6B322A2380E4BD00956F3E /* LaunchScreen.storyboard */ = {
			isa = PBXVariantGroup;
			children = (
				1A6B322B2380E4BD00956F3E /* Base */,
			);
			name = LaunchScreen.storyboard;
			sourceTree = "<group>";
		};
/* End PBXVariantGroup section */

/* Begin XCBuildConfiguration section */
		1A6B32302380E4BD00956F3E /* Debug */ = {
			isa = XCBuildConfiguration;
			buildSettings = {
				ALWAYS_SEARCH_USER_PATHS = NO;
				CLANG_ANALYZER_NONNULL = YES;
				CLANG_ANALYZER_NUMBER_OBJECT_CONVERSION = YES_AGGRESSIVE;
				CLANG_CXX_LANGUAGE_STANDARD = "gnu++14";
				CLANG_CXX_LIBRARY = "libc++";
				CLANG_ENABLE_MODULES = YES;
				CLANG_ENABLE_OBJC_ARC = YES;
				CLANG_ENABLE_OBJC_WEAK = YES;
				CLANG_WARN_BLOCK_CAPTURE_AUTORELEASING = YES;
				CLANG_WARN_BOOL_CONVERSION = YES;
				CLANG_WARN_COMMA = YES;
				CLANG_WARN_CONSTANT_CONVERSION = YES;
				CLANG_WARN_DEPRECATED_OBJC_IMPLEMENTATIONS = YES;
				CLANG_WARN_DIRECT_OBJC_ISA_USAGE = YES_ERROR;
				CLANG_WARN_DOCUMENTATION_COMMENTS = YES;
				CLANG_WARN_EMPTY_BODY = YES;
				CLANG_WARN_ENUM_CONVERSION = YES;
				CLANG_WARN_INFINITE_RECURSION = YES;
				CLANG_WARN_INT_CONVERSION = YES;
				CLANG_WARN_NON_LITERAL_NULL_CONVERSION = YES;
				CLANG_WARN_OBJC_IMPLICIT_RETAIN_SELF = YES;
				CLANG_WARN_OBJC_LITERAL_CONVERSION = YES;
				CLANG_WARN_OBJC_ROOT_CLASS = YES_ERROR;
				CLANG_WARN_RANGE_LOOP_ANALYSIS = YES;
				CLANG_WARN_STRICT_PROTOTYPES = YES;
				CLANG_WARN_SUSPICIOUS_MOVE = YES;
				CLANG_WARN_UNGUARDED_AVAILABILITY = YES_AGGRESSIVE;
				CLANG_WARN_UNREACHABLE_CODE = YES;
				CLANG_WARN__DUPLICATE_METHOD_MATCH = YES;
				COPY_PHASE_STRIP = NO;
				DEBUG_INFORMATION_FORMAT = dwarf;
				ENABLE_STRICT_OBJC_MSGSEND = YES;
				ENABLE_TESTABILITY = YES;
				GCC_C_LANGUAGE_STANDARD = gnu11;
				GCC_DYNAMIC_NO_PIC = NO;
				GCC_NO_COMMON_BLOCKS = YES;
				GCC_OPTIMIZATION_LEVEL = 0;
				GCC_PREPROCESSOR_DEFINITIONS = (
					"DEBUG=1",
					"$(inherited)",
				);
				GCC_WARN_64_TO_32_BIT_CONVERSION = YES;
				GCC_WARN_ABOUT_RETURN_TYPE = YES_ERROR;
				GCC_WARN_UNDECLARED_SELECTOR = YES;
				GCC_WARN_UNINITIALIZED_AUTOS = YES_AGGRESSIVE;
				GCC_WARN_UNUSED_FUNCTION = YES;
				GCC_WARN_UNUSED_VARIABLE = YES;
				IPHONEOS_DEPLOYMENT_TARGET = 13.2;
				MTL_ENABLE_DEBUG_INFO = INCLUDE_SOURCE;
				MTL_FAST_MATH = YES;
				ONLY_ACTIVE_ARCH = YES;
				SDKROOT = iphoneos;
			};
			name = Debug;
		};
		1A6B32312380E4BD00956F3E /* Release */ = {
			isa = XCBuildConfiguration;
			buildSettings = {
				ALWAYS_SEARCH_USER_PATHS = NO;
				CLANG_ANALYZER_NONNULL = YES;
				CLANG_ANALYZER_NUMBER_OBJECT_CONVERSION = YES_AGGRESSIVE;
				CLANG_CXX_LANGUAGE_STANDARD = "gnu++14";
				CLANG_CXX_LIBRARY = "libc++";
				CLANG_ENABLE_MODULES = YES;
				CLANG_ENABLE_OBJC_ARC = YES;
				CLANG_ENABLE_OBJC_WEAK = YES;
				CLANG_WARN_BLOCK_CAPTURE_AUTORELEASING = YES;
				CLANG_WARN_BOOL_CONVERSION = YES;
				CLANG_WARN_COMMA = YES;
				CLANG_WARN_CONSTANT_CONVERSION = YES;
				CLANG_WARN_DEPRECATED_OBJC_IMPLEMENTATIONS = YES;
				CLANG_WARN_DIRECT_OBJC_ISA_USAGE = YES_ERROR;
				CLANG_WARN_DOCUMENTATION_COMMENTS = YES;
				CLANG_WARN_EMPTY_BODY = YES;
				CLANG_WARN_ENUM_CONVERSION = YES;
				CLANG_WARN_INFINITE_RECURSION = YES;
				CLANG_WARN_INT_CONVERSION = YES;
				CLANG_WARN_NON_LITERAL_NULL_CONVERSION = YES;
				CLANG_WARN_OBJC_IMPLICIT_RETAIN_SELF = YES;
				CLANG_WARN_OBJC_LITERAL_CONVERSION = YES;
				CLANG_WARN_OBJC_ROOT_CLASS = YES_ERROR;
				CLANG_WARN_RANGE_LOOP_ANALYSIS = YES;
				CLANG_WARN_STRICT_PROTOTYPES = YES;
				CLANG_WARN_SUSPICIOUS_MOVE = YES;
				CLANG_WARN_UNGUARDED_AVAILABILITY = YES_AGGRESSIVE;
				CLANG_WARN_UNREACHABLE_CODE = YES;
				CLANG_WARN__DUPLICATE_METHOD_MATCH = YES;
				COPY_PHASE_STRIP = NO;
				DEBUG_INFORMATION_FORMAT = "dwarf-with-dsym";
				ENABLE_NS_ASSERTIONS = NO;
				ENABLE_STRICT_OBJC_MSGSEND = YES;
				GCC_C_LANGUAGE_STANDARD = gnu11;
				GCC_NO_COMMON_BLOCKS = YES;
				GCC_WARN_64_TO_32_BIT_CONVERSION = YES;
				GCC_WARN_ABOUT_RETURN_TYPE = YES_ERROR;
				GCC_WARN_UNDECLARED_SELECTOR = YES;
				GCC_WARN_UNINITIALIZED_AUTOS = YES_AGGRESSIVE;
				GCC_WARN_UNUSED_FUNCTION = YES;
				GCC_WARN_UNUSED_VARIABLE = YES;
				IPHONEOS_DEPLOYMENT_TARGET = 13.2;
				MTL_ENABLE_DEBUG_INFO = NO;
				MTL_FAST_MATH = YES;
				SDKROOT = iphoneos;
				VALIDATE_PRODUCT = YES;
			};
			name = Release;
		};
		1A6B32332380E4BD00956F3E /* Debug */ = {
			isa = XCBuildConfiguration;
			buildSettings = {
				ASSETCATALOG_COMPILER_APPICON_NAME = AppIcon;
				CODE_SIGN_STYLE = Automatic;
				INFOPLIST_FILE = AttributedStringDemo/Info.plist;
				LD_RUNPATH_SEARCH_PATHS = (
					"$(inherited)",
					"@executable_path/Frameworks",
				);
				PRODUCT_BUNDLE_IDENTIFIER = AttributedStringDemo.AttributedStringDemo;
				PRODUCT_NAME = "$(TARGET_NAME)";
				TARGETED_DEVICE_FAMILY = "1,2";
			};
			name = Debug;
		};
		1A6B32342380E4BD00956F3E /* Release */ = {
			isa = XCBuildConfiguration;
			buildSettings = {
				ASSETCATALOG_COMPILER_APPICON_NAME = AppIcon;
				CODE_SIGN_STYLE = Automatic;
				INFOPLIST_FILE = AttributedStringDemo/Info.plist;
				LD_RUNPATH_SEARCH_PATHS = (
					"$(inherited)",
					"@executable_path/Frameworks",
				);
				PRODUCT_BUNDLE_IDENTIFIER = AttributedStringDemo.AttributedStringDemo;
				PRODUCT_NAME = "$(TARGET_NAME)";
				TARGETED_DEVICE_FAMILY = "1,2";
			};
			name = Release;
		};
/* End XCBuildConfiguration section */

/* Begin XCConfigurationList section */
		1A6B32142380E4BA00956F3E /* Build configuration list for PBXProject "AttributedStringDemo" */ = {
			isa = XCConfigurationList;
			buildConfigurations = (
				1A6B32302380E4BD00956F3E /* Debug */,
				1A6B32312380E4BD00956F3E /* Release */,
			);
			defaultConfigurationIsVisible = 0;
			defaultConfigurationName = Release;
		};
		1A6B32322380E4BD00956F3E /* Build configuration list for PBXNativeTarget "AttributedStringDemo" */ = {
			isa = XCConfigurationList;
			buildConfigurations = (
				1A6B32332380E4BD00956F3E /* Debug */,
				1A6B32342380E4BD00956F3E /* Release */,
			);
			defaultConfigurationIsVisible = 0;
			defaultConfigurationName = Release;
		};
/* End XCConfigurationList section */
	};
	rootObject = 1A6B32112380E4BA00956F3E /* Project object */;
}
